// !$*UTF8*$!
{
	archiveVersion = 1;
	classes = {
	};
	objectVersion = 48;
	objects = {

/* Begin PBXBuildFile section */
		A973F4B12002A11100BA03A8 /* AppDelegate.swift in Sources */ = {isa = PBXBuildFile; fileRef = A973F4B02002A11100BA03A8 /* AppDelegate.swift */; };
		A973F4B32002A11100BA03A8 /* GameScene.sks in Resources */ = {isa = PBXBuildFile; fileRef = A973F4B22002A11100BA03A8 /* GameScene.sks */; };
		A973F4B72002A11100BA03A8 /* GameScene.swift in Sources */ = {isa = PBXBuildFile; fileRef = A973F4B62002A11100BA03A8 /* GameScene.swift */; };
		A973F4B92002A11100BA03A8 /* GameViewController.swift in Sources */ = {isa = PBXBuildFile; fileRef = A973F4B82002A11100BA03A8 /* GameViewController.swift */; };
		A973F4BC2002A11100BA03A8 /* Main.storyboard in Resources */ = {isa = PBXBuildFile; fileRef = A973F4BA2002A11100BA03A8 /* Main.storyboard */; };
		A973F4BE2002A11100BA03A8 /* Assets.xcassets in Resources */ = {isa = PBXBuildFile; fileRef = A973F4BD2002A11100BA03A8 /* Assets.xcassets */; };
		A973F4C12002A11100BA03A8 /* LaunchScreen.storyboard in Resources */ = {isa = PBXBuildFile; fileRef = A973F4BF2002A11100BA03A8 /* LaunchScreen.storyboard */; };
		A973F4C92002A17A00BA03A8 /* Tiles.sks in Resources */ = {isa = PBXBuildFile; fileRef = A973F4C82002A17A00BA03A8 /* Tiles.sks */; };
		A973F4CB2002A21500BA03A8 /* Player.swift in Sources */ = {isa = PBXBuildFile; fileRef = A973F4CA2002A21500BA03A8 /* Player.swift */; };
		A973F4CD2002A28700BA03A8 /* Extensions.swift in Sources */ = {isa = PBXBuildFile; fileRef = A973F4CC2002A28700BA03A8 /* Extensions.swift */; };
		A973F4CF2002A53600BA03A8 /* Animatable.swift in Sources */ = {isa = PBXBuildFile; fileRef = A973F4CE2002A53600BA03A8 /* Animatable.swift */; };
		A973F4D12002A55500BA03A8 /* Types.swift in Sources */ = {isa = PBXBuildFile; fileRef = A973F4D02002A55500BA03A8 /* Types.swift */; };
		A973F4DF2002A87500BA03A8 /* SKColor+Extensions.swift in Sources */ = {isa = PBXBuildFile; fileRef = A973F4D32002A87500BA03A8 /* SKColor+Extensions.swift */; };
		A973F4E02002A87500BA03A8 /* CGVector+Extensions.swift in Sources */ = {isa = PBXBuildFile; fileRef = A973F4D42002A87500BA03A8 /* CGVector+Extensions.swift */; };
		A973F4E12002A87500BA03A8 /* Int+Extensions.swift in Sources */ = {isa = PBXBuildFile; fileRef = A973F4D52002A87500BA03A8 /* Int+Extensions.swift */; };
		A973F4E22002A87500BA03A8 /* SKTTimingFunctions.swift in Sources */ = {isa = PBXBuildFile; fileRef = A973F4D62002A87500BA03A8 /* SKTTimingFunctions.swift */; };
		A973F4E32002A87500BA03A8 /* SKAction+Extensions.swift in Sources */ = {isa = PBXBuildFile; fileRef = A973F4D72002A87500BA03A8 /* SKAction+Extensions.swift */; };
		A973F4E42002A87500BA03A8 /* SKAction+SpecialEffects.swift in Sources */ = {isa = PBXBuildFile; fileRef = A973F4D82002A87500BA03A8 /* SKAction+SpecialEffects.swift */; };
		A973F4E52002A87500BA03A8 /* SKNode+Extensions.swift in Sources */ = {isa = PBXBuildFile; fileRef = A973F4D92002A87500BA03A8 /* SKNode+Extensions.swift */; };
		A973F4E62002A87500BA03A8 /* CGPoint+Extensions.swift in Sources */ = {isa = PBXBuildFile; fileRef = A973F4DA2002A87500BA03A8 /* CGPoint+Extensions.swift */; };
		A973F4E72002A87500BA03A8 /* SKTEffects.swift in Sources */ = {isa = PBXBuildFile; fileRef = A973F4DB2002A87500BA03A8 /* SKTEffects.swift */; };
		A973F4E82002A87500BA03A8 /* SKTAudio.swift in Sources */ = {isa = PBXBuildFile; fileRef = A973F4DC2002A87500BA03A8 /* SKTAudio.swift */; };
		A973F4E92002A87500BA03A8 /* Vector3.swift in Sources */ = {isa = PBXBuildFile; fileRef = A973F4DD2002A87500BA03A8 /* Vector3.swift */; };
		A973F4EA2002A87500BA03A8 /* CGFloat+Extensions.swift in Sources */ = {isa = PBXBuildFile; fileRef = A973F4DE2002A87500BA03A8 /* CGFloat+Extensions.swift */; };
		A973F4EC2002AB7B00BA03A8 /* Protocols.swift in Sources */ = {isa = PBXBuildFile; fileRef = A973F4EB2002AB7B00BA03A8 /* Protocols.swift */; };
		A973F4EE2002ABDA00BA03A8 /* ButtonNode.swift in Sources */ = {isa = PBXBuildFile; fileRef = A973F4ED2002ABDA00BA03A8 /* ButtonNode.swift */; };
/* End PBXBuildFile section */

/* Begin PBXFileReference section */
		A973F4AD2002A11100BA03A8 /* PacMan.app */ = {isa = PBXFileReference; explicitFileType = wrapper.application; includeInIndex = 0; path = PacMan.app; sourceTree = BUILT_PRODUCTS_DIR; };
		A973F4B02002A11100BA03A8 /* AppDelegate.swift */ = {isa = PBXFileReference; lastKnownFileType = sourcecode.swift; path = AppDelegate.swift; sourceTree = "<group>"; };
		A973F4B22002A11100BA03A8 /* GameScene.sks */ = {isa = PBXFileReference; lastKnownFileType = file.sks; path = GameScene.sks; sourceTree = "<group>"; };
		A973F4B62002A11100BA03A8 /* GameScene.swift */ = {isa = PBXFileReference; lastKnownFileType = sourcecode.swift; path = GameScene.swift; sourceTree = "<group>"; };
		A973F4B82002A11100BA03A8 /* GameViewController.swift */ = {isa = PBXFileReference; lastKnownFileType = sourcecode.swift; path = GameViewController.swift; sourceTree = "<group>"; };
		A973F4BB2002A11100BA03A8 /* Base */ = {isa = PBXFileReference; lastKnownFileType = file.storyboard; name = Base; path = Base.lproj/Main.storyboard; sourceTree = "<group>"; };
		A973F4BD2002A11100BA03A8 /* Assets.xcassets */ = {isa = PBXFileReference; lastKnownFileType = folder.assetcatalog; path = Assets.xcassets; sourceTree = "<group>"; };
		A973F4C02002A11100BA03A8 /* Base */ = {isa = PBXFileReference; lastKnownFileType = file.storyboard; name = Base; path = Base.lproj/LaunchScreen.storyboard; sourceTree = "<group>"; };
		A973F4C22002A11100BA03A8 /* Info.plist */ = {isa = PBXFileReference; lastKnownFileType = text.plist.xml; path = Info.plist; sourceTree = "<group>"; };
		A973F4C82002A17A00BA03A8 /* Tiles.sks */ = {isa = PBXFileReference; lastKnownFileType = file.sks; path = Tiles.sks; sourceTree = "<group>"; };
		A973F4CA2002A21500BA03A8 /* Player.swift */ = {isa = PBXFileReference; lastKnownFileType = sourcecode.swift; path = Player.swift; sourceTree = "<group>"; };
		A973F4CC2002A28700BA03A8 /* Extensions.swift */ = {isa = PBXFileReference; lastKnownFileType = sourcecode.swift; path = Extensions.swift; sourceTree = "<group>"; };
		A973F4CE2002A53600BA03A8 /* Animatable.swift */ = {isa = PBXFileReference; lastKnownFileType = sourcecode.swift; path = Animatable.swift; sourceTree = "<group>"; };
		A973F4D02002A55500BA03A8 /* Types.swift */ = {isa = PBXFileReference; lastKnownFileType = sourcecode.swift; path = Types.swift; sourceTree = "<group>"; };
		A973F4D32002A87500BA03A8 /* SKColor+Extensions.swift */ = {isa = PBXFileReference; fileEncoding = 4; lastKnownFileType = sourcecode.swift; path = "SKColor+Extensions.swift"; sourceTree = "<group>"; };
		A973F4D42002A87500BA03A8 /* CGVector+Extensions.swift */ = {isa = PBXFileReference; fileEncoding = 4; lastKnownFileType = sourcecode.swift; path = "CGVector+Extensions.swift"; sourceTree = "<group>"; };
		A973F4D52002A87500BA03A8 /* Int+Extensions.swift */ = {isa = PBXFileReference; fileEncoding = 4; lastKnownFileType = sourcecode.swift; path = "Int+Extensions.swift"; sourceTree = "<group>"; };
		A973F4D62002A87500BA03A8 /* SKTTimingFunctions.swift */ = {isa = PBXFileReference; fileEncoding = 4; lastKnownFileType = sourcecode.swift; path = SKTTimingFunctions.swift; sourceTree = "<group>"; };
		A973F4D72002A87500BA03A8 /* SKAction+Extensions.swift */ = {isa = PBXFileReference; fileEncoding = 4; lastKnownFileType = sourcecode.swift; path = "SKAction+Extensions.swift"; sourceTree = "<group>"; };
		A973F4D82002A87500BA03A8 /* SKAction+SpecialEffects.swift */ = {isa = PBXFileReference; fileEncoding = 4; lastKnownFileType = sourcecode.swift; path = "SKAction+SpecialEffects.swift"; sourceTree = "<group>"; };
		A973F4D92002A87500BA03A8 /* SKNode+Extensions.swift */ = {isa = PBXFileReference; fileEncoding = 4; lastKnownFileType = sourcecode.swift; path = "SKNode+Extensions.swift"; sourceTree = "<group>"; };
		A973F4DA2002A87500BA03A8 /* CGPoint+Extensions.swift */ = {isa = PBXFileReference; fileEncoding = 4; lastKnownFileType = sourcecode.swift; path = "CGPoint+Extensions.swift"; sourceTree = "<group>"; };
		A973F4DB2002A87500BA03A8 /* SKTEffects.swift */ = {isa = PBXFileReference; fileEncoding = 4; lastKnownFileType = sourcecode.swift; path = SKTEffects.swift; sourceTree = "<group>"; };
		A973F4DC2002A87500BA03A8 /* SKTAudio.swift */ = {isa = PBXFileReference; fileEncoding = 4; lastKnownFileType = sourcecode.swift; path = SKTAudio.swift; sourceTree = "<group>"; };
		A973F4DD2002A87500BA03A8 /* Vector3.swift */ = {isa = PBXFileReference; fileEncoding = 4; lastKnownFileType = sourcecode.swift; path = Vector3.swift; sourceTree = "<group>"; };
		A973F4DE2002A87500BA03A8 /* CGFloat+Extensions.swift */ = {isa = PBXFileReference; fileEncoding = 4; lastKnownFileType = sourcecode.swift; path = "CGFloat+Extensions.swift"; sourceTree = "<group>"; };
		A973F4EB2002AB7B00BA03A8 /* Protocols.swift */ = {isa = PBXFileReference; lastKnownFileType = sourcecode.swift; path = Protocols.swift; sourceTree = "<group>"; };
		A973F4ED2002ABDA00BA03A8 /* ButtonNode.swift */ = {isa = PBXFileReference; lastKnownFileType = sourcecode.swift; path = ButtonNode.swift; sourceTree = "<group>"; };
/* End PBXFileReference section */

/* Begin PBXFrameworksBuildPhase section */
		A973F4AA2002A11100BA03A8 /* Frameworks */ = {
			isa = PBXFrameworksBuildPhase;
			buildActionMask = 2147483647;
			files = (
			);
			runOnlyForDeploymentPostprocessing = 0;
		};
/* End PBXFrameworksBuildPhase section */

/* Begin PBXGroup section */
		A973F4A42002A11100BA03A8 = {
			isa = PBXGroup;
			children = (
				A973F4AF2002A11100BA03A8 /* PacMan */,
				A973F4AE2002A11100BA03A8 /* Products */,
			);
			sourceTree = "<group>";
		};
		A973F4AE2002A11100BA03A8 /* Products */ = {
			isa = PBXGroup;
			children = (
				A973F4AD2002A11100BA03A8 /* PacMan.app */,
			);
			name = Products;
			sourceTree = "<group>";
		};
		A973F4AF2002A11100BA03A8 /* PacMan */ = {
			isa = PBXGroup;
			children = (
				A973F4D22002A87500BA03A8 /* SKTUtils */,
				A973F4F02002D41000BA03A8 /* Nodes */,
				A973F4EF2002D3FF00BA03A8 /* Scenes */,
				A973F4B02002A11100BA03A8 /* AppDelegate.swift */,
				A973F4B62002A11100BA03A8 /* GameScene.swift */,
				A973F4B82002A11100BA03A8 /* GameViewController.swift */,
				A973F4BA2002A11100BA03A8 /* Main.storyboard */,
				A973F4BD2002A11100BA03A8 /* Assets.xcassets */,
				A973F4CC2002A28700BA03A8 /* Extensions.swift */,
				A973F4BF2002A11100BA03A8 /* LaunchScreen.storyboard */,
				A973F4C22002A11100BA03A8 /* Info.plist */,
				A973F4CE2002A53600BA03A8 /* Animatable.swift */,
				A973F4EB2002AB7B00BA03A8 /* Protocols.swift */,
				A973F4D02002A55500BA03A8 /* Types.swift */,
			);
			path = PacMan;
			sourceTree = "<group>";
		};
		A973F4D22002A87500BA03A8 /* SKTUtils */ = {
			isa = PBXGroup;
			children = (
				A973F4D32002A87500BA03A8 /* SKColor+Extensions.swift */,
				A973F4D42002A87500BA03A8 /* CGVector+Extensions.swift */,
				A973F4D52002A87500BA03A8 /* Int+Extensions.swift */,
				A973F4D62002A87500BA03A8 /* SKTTimingFunctions.swift */,
				A973F4D72002A87500BA03A8 /* SKAction+Extensions.swift */,
				A973F4D82002A87500BA03A8 /* SKAction+SpecialEffects.swift */,
				A973F4D92002A87500BA03A8 /* SKNode+Extensions.swift */,
				A973F4DA2002A87500BA03A8 /* CGPoint+Extensions.swift */,
				A973F4DB2002A87500BA03A8 /* SKTEffects.swift */,
				A973F4DC2002A87500BA03A8 /* SKTAudio.swift */,
				A973F4DD2002A87500BA03A8 /* Vector3.swift */,
				A973F4DE2002A87500BA03A8 /* CGFloat+Extensions.swift */,
			);
			path = SKTUtils;
			sourceTree = "<group>";
		};
		A973F4EF2002D3FF00BA03A8 /* Scenes */ = {
			isa = PBXGroup;
			children = (
				A973F4C82002A17A00BA03A8 /* Tiles.sks */,
				A973F4B22002A11100BA03A8 /* GameScene.sks */,
			);
			path = Scenes;
			sourceTree = "<group>";
		};
		A973F4F02002D41000BA03A8 /* Nodes */ = {
			isa = PBXGroup;
			children = (
				A973F4CA2002A21500BA03A8 /* Player.swift */,
				A973F4ED2002ABDA00BA03A8 /* ButtonNode.swift */,
			);
			path = Nodes;
			sourceTree = "<group>";
		};
/* End PBXGroup section */

/* Begin PBXNativeTarget section */
		A973F4AC2002A11100BA03A8 /* PacMan */ = {
			isa = PBXNativeTarget;
			buildConfigurationList = A973F4C52002A11100BA03A8 /* Build configuration list for PBXNativeTarget "PacMan" */;
			buildPhases = (
				A973F4A92002A11100BA03A8 /* Sources */,
				A973F4AA2002A11100BA03A8 /* Frameworks */,
				A973F4AB2002A11100BA03A8 /* Resources */,
			);
			buildRules = (
			);
			dependencies = (
			);
			name = PacMan;
			productName = PacMan;
			productReference = A973F4AD2002A11100BA03A8 /* PacMan.app */;
			productType = "com.apple.product-type.application";
		};
/* End PBXNativeTarget section */

/* Begin PBXProject section */
		A973F4A52002A11100BA03A8 /* Project object */ = {
			isa = PBXProject;
			attributes = {
				LastSwiftUpdateCheck = 0920;
				LastUpgradeCheck = 0920;
				ORGANIZATIONNAME = "Brian Lane";
				TargetAttributes = {
					A973F4AC2002A11100BA03A8 = {
						CreatedOnToolsVersion = 9.2;
						ProvisioningStyle = Automatic;
					};
				};
			};
			buildConfigurationList = A973F4A82002A11100BA03A8 /* Build configuration list for PBXProject "PacMan" */;
			compatibilityVersion = "Xcode 8.0";
			developmentRegion = en;
			hasScannedForEncodings = 0;
			knownRegions = (
				en,
				Base,
			);
			mainGroup = A973F4A42002A11100BA03A8;
			productRefGroup = A973F4AE2002A11100BA03A8 /* Products */;
			projectDirPath = "";
			projectRoot = "";
			targets = (
				A973F4AC2002A11100BA03A8 /* PacMan */,
			);
		};
/* End PBXProject section */

/* Begin PBXResourcesBuildPhase section */
		A973F4AB2002A11100BA03A8 /* Resources */ = {
			isa = PBXResourcesBuildPhase;
			buildActionMask = 2147483647;
			files = (
				A973F4BC2002A11100BA03A8 /* Main.storyboard in Resources */,
				A973F4B32002A11100BA03A8 /* GameScene.sks in Resources */,
				A973F4C92002A17A00BA03A8 /* Tiles.sks in Resources */,
				A973F4BE2002A11100BA03A8 /* Assets.xcassets in Resources */,
				A973F4C12002A11100BA03A8 /* LaunchScreen.storyboard in Resources */,
			);
			runOnlyForDeploymentPostprocessing = 0;
		};
/* End PBXResourcesBuildPhase section */

/* Begin PBXSourcesBuildPhase section */
		A973F4A92002A11100BA03A8 /* Sources */ = {
			isa = PBXSourcesBuildPhase;
			buildActionMask = 2147483647;
			files = (
				A973F4CD2002A28700BA03A8 /* Extensions.swift in Sources */,
				A973F4E62002A87500BA03A8 /* CGPoint+Extensions.swift in Sources */,
				A973F4CF2002A53600BA03A8 /* Animatable.swift in Sources */,
				A973F4E22002A87500BA03A8 /* SKTTimingFunctions.swift in Sources */,
				A973F4E32002A87500BA03A8 /* SKAction+Extensions.swift in Sources */,
				A973F4EA2002A87500BA03A8 /* CGFloat+Extensions.swift in Sources */,
				A973F4E02002A87500BA03A8 /* CGVector+Extensions.swift in Sources */,
				A973F4E82002A87500BA03A8 /* SKTAudio.swift in Sources */,
				A973F4CB2002A21500BA03A8 /* Player.swift in Sources */,
				A973F4DF2002A87500BA03A8 /* SKColor+Extensions.swift in Sources */,
				A973F4E52002A87500BA03A8 /* SKNode+Extensions.swift in Sources */,
				A973F4E42002A87500BA03A8 /* SKAction+SpecialEffects.swift in Sources */,
				A973F4D12002A55500BA03A8 /* Types.swift in Sources */,
				A973F4B72002A11100BA03A8 /* GameScene.swift in Sources */,
				A973F4B92002A11100BA03A8 /* GameViewController.swift in Sources */,
				A973F4EC2002AB7B00BA03A8 /* Protocols.swift in Sources */,
				A973F4E72002A87500BA03A8 /* SKTEffects.swift in Sources */,
				A973F4B12002A11100BA03A8 /* AppDelegate.swift in Sources */,
				A973F4E92002A87500BA03A8 /* Vector3.swift in Sources */,
				A973F4E12002A87500BA03A8 /* Int+Extensions.swift in Sources */,
				A973F4EE2002ABDA00BA03A8 /* ButtonNode.swift in Sources */,
			);
			runOnlyForDeploymentPostprocessing = 0;
		};
/* End PBXSourcesBuildPhase section */

/* Begin PBXVariantGroup section */
		A973F4BA2002A11100BA03A8 /* Main.storyboard */ = {
			isa = PBXVariantGroup;
			children = (
				A973F4BB2002A11100BA03A8 /* Base */,
			);
			name = Main.storyboard;
			sourceTree = "<group>";
		};
		A973F4BF2002A11100BA03A8 /* LaunchScreen.storyboard */ = {
			isa = PBXVariantGroup;
			children = (
				A973F4C02002A11100BA03A8 /* Base */,
			);
			name = LaunchScreen.storyboard;
			sourceTree = "<group>";
		};
/* End PBXVariantGroup section */

/* Begin XCBuildConfiguration section */
		A973F4C32002A11100BA03A8 /* Debug */ = {
			isa = XCBuildConfiguration;
			buildSettings = {
				ALWAYS_SEARCH_USER_PATHS = NO;
				CLANG_ANALYZER_NONNULL = YES;
				CLANG_ANALYZER_NUMBER_OBJECT_CONVERSION = YES_AGGRESSIVE;
				CLANG_CXX_LANGUAGE_STANDARD = "gnu++14";
				CLANG_CXX_LIBRARY = "libc++";
				CLANG_ENABLE_MODULES = YES;
				CLANG_ENABLE_OBJC_ARC = YES;
				CLANG_WARN_BLOCK_CAPTURE_AUTORELEASING = YES;
				CLANG_WARN_BOOL_CONVERSION = YES;
				CLANG_WARN_COMMA = YES;
				CLANG_WARN_CONSTANT_CONVERSION = YES;
				CLANG_WARN_DIRECT_OBJC_ISA_USAGE = YES_ERROR;
				CLANG_WARN_DOCUMENTATION_COMMENTS = YES;
				CLANG_WARN_EMPTY_BODY = YES;
				CLANG_WARN_ENUM_CONVERSION = YES;
				CLANG_WARN_INFINITE_RECURSION = YES;
				CLANG_WARN_INT_CONVERSION = YES;
				CLANG_WARN_NON_LITERAL_NULL_CONVERSION = YES;
				CLANG_WARN_OBJC_LITERAL_CONVERSION = YES;
				CLANG_WARN_OBJC_ROOT_CLASS = YES_ERROR;
				CLANG_WARN_RANGE_LOOP_ANALYSIS = YES;
				CLANG_WARN_STRICT_PROTOTYPES = YES;
				CLANG_WARN_SUSPICIOUS_MOVE = YES;
				CLANG_WARN_UNGUARDED_AVAILABILITY = YES_AGGRESSIVE;
				CLANG_WARN_UNREACHABLE_CODE = YES;
				CLANG_WARN__DUPLICATE_METHOD_MATCH = YES;
				CODE_SIGN_IDENTITY = "iPhone Developer";
				COPY_PHASE_STRIP = NO;
				DEBUG_INFORMATION_FORMAT = dwarf;
				ENABLE_STRICT_OBJC_MSGSEND = YES;
				ENABLE_TESTABILITY = YES;
				GCC_C_LANGUAGE_STANDARD = gnu11;
				GCC_DYNAMIC_NO_PIC = NO;
				GCC_NO_COMMON_BLOCKS = YES;
				GCC_OPTIMIZATION_LEVEL = 0;
				GCC_PREPROCESSOR_DEFINITIONS = (
					"DEBUG=1",
					"$(inherited)",
				);
				GCC_WARN_64_TO_32_BIT_CONVERSION = YES;
				GCC_WARN_ABOUT_RETURN_TYPE = YES_ERROR;
				GCC_WARN_UNDECLARED_SELECTOR = YES;
				GCC_WARN_UNINITIALIZED_AUTOS = YES_AGGRESSIVE;
				GCC_WARN_UNUSED_FUNCTION = YES;
				GCC_WARN_UNUSED_VARIABLE = YES;
				IPHONEOS_DEPLOYMENT_TARGET = 11.2;
				MTL_ENABLE_DEBUG_INFO = YES;
				ONLY_ACTIVE_ARCH = YES;
				SDKROOT = iphoneos;
				SWIFT_ACTIVE_COMPILATION_CONDITIONS = DEBUG;
				SWIFT_OPTIMIZATION_LEVEL = "-Onone";
			};
			name = Debug;
		};
		A973F4C42002A11100BA03A8 /* Release */ = {
			isa = XCBuildConfiguration;
			buildSettings = {
				ALWAYS_SEARCH_USER_PATHS = NO;
				CLANG_ANALYZER_NONNULL = YES;
				CLANG_ANALYZER_NUMBER_OBJECT_CONVERSION = YES_AGGRESSIVE;
				CLANG_CXX_LANGUAGE_STANDARD = "gnu++14";
				CLANG_CXX_LIBRARY = "libc++";
				CLANG_ENABLE_MODULES = YES;
				CLANG_ENABLE_OBJC_ARC = YES;
				CLANG_WARN_BLOCK_CAPTURE_AUTORELEASING = YES;
				CLANG_WARN_BOOL_CONVERSION = YES;
				CLANG_WARN_COMMA = YES;
				CLANG_WARN_CONSTANT_CONVERSION = YES;
				CLANG_WARN_DIRECT_OBJC_ISA_USAGE = YES_ERROR;
				CLANG_WARN_DOCUMENTATION_COMMENTS = YES;
				CLANG_WARN_EMPTY_BODY = YES;
				CLANG_WARN_ENUM_CONVERSION = YES;
				CLANG_WARN_INFINITE_RECURSION = YES;
				CLANG_WARN_INT_CONVERSION = YES;
				CLANG_WARN_NON_LITERAL_NULL_CONVERSION = YES;
				CLANG_WARN_OBJC_LITERAL_CONVERSION = YES;
				CLANG_WARN_OBJC_ROOT_CLASS = YES_ERROR;
				CLANG_WARN_RANGE_LOOP_ANALYSIS = YES;
				CLANG_WARN_STRICT_PROTOTYPES = YES;
				CLANG_WARN_SUSPICIOUS_MOVE = YES;
				CLANG_WARN_UNGUARDED_AVAILABILITY = YES_AGGRESSIVE;
				CLANG_WARN_UNREACHABLE_CODE = YES;
				CLANG_WARN__DUPLICATE_METHOD_MATCH = YES;
				CODE_SIGN_IDENTITY = "iPhone Developer";
				COPY_PHASE_STRIP = NO;
				DEBUG_INFORMATION_FORMAT = "dwarf-with-dsym";
				ENABLE_NS_ASSERTIONS = NO;
				ENABLE_STRICT_OBJC_MSGSEND = YES;
				GCC_C_LANGUAGE_STANDARD = gnu11;
				GCC_NO_COMMON_BLOCKS = YES;
				GCC_WARN_64_TO_32_BIT_CONVERSION = YES;
				GCC_WARN_ABOUT_RETURN_TYPE = YES_ERROR;
				GCC_WARN_UNDECLARED_SELECTOR = YES;
				GCC_WARN_UNINITIALIZED_AUTOS = YES_AGGRESSIVE;
				GCC_WARN_UNUSED_FUNCTION = YES;
				GCC_WARN_UNUSED_VARIABLE = YES;
				IPHONEOS_DEPLOYMENT_TARGET = 11.2;
				MTL_ENABLE_DEBUG_INFO = NO;
				SDKROOT = iphoneos;
				SWIFT_OPTIMIZATION_LEVEL = "-Owholemodule";
				VALIDATE_PRODUCT = YES;
			};
			name = Release;
		};
		A973F4C62002A11100BA03A8 /* Debug */ = {
			isa = XCBuildConfiguration;
			buildSettings = {
				ASSETCATALOG_COMPILER_APPICON_NAME = AppIcon;
				CODE_SIGN_STYLE = Automatic;
				DEVELOPMENT_TEAM = LAYLS44ZM3;
				INFOPLIST_FILE = PacMan/Info.plist;
				LD_RUNPATH_SEARCH_PATHS = "$(inherited) @executable_path/Frameworks";
				PRODUCT_BUNDLE_IDENTIFIER = com.bwlane.PacMan;
				PRODUCT_NAME = "$(TARGET_NAME)";
				SWIFT_VERSION = 4.0;
				TARGETED_DEVICE_FAMILY = 1;
			};
			name = Debug;
		};
		A973F4C72002A11100BA03A8 /* Release */ = {
			isa = XCBuildConfiguration;
			buildSettings = {
				ASSETCATALOG_COMPILER_APPICON_NAME = AppIcon;
				CODE_SIGN_STYLE = Automatic;
				DEVELOPMENT_TEAM = LAYLS44ZM3;
				INFOPLIST_FILE = PacMan/Info.plist;
				LD_RUNPATH_SEARCH_PATHS = "$(inherited) @executable_path/Frameworks";
				PRODUCT_BUNDLE_IDENTIFIER = com.bwlane.PacMan;
				PRODUCT_NAME = "$(TARGET_NAME)";
				SWIFT_VERSION = 4.0;
				TARGETED_DEVICE_FAMILY = 1;
			};
			name = Release;
		};
/* End XCBuildConfiguration section */

/* Begin XCConfigurationList section */
		A973F4A82002A11100BA03A8 /* Build configuration list for PBXProject "PacMan" */ = {
			isa = XCConfigurationList;
			buildConfigurations = (
				A973F4C32002A11100BA03A8 /* Debug */,
				A973F4C42002A11100BA03A8 /* Release */,
			);
			defaultConfigurationIsVisible = 0;
			defaultConfigurationName = Release;
		};
		A973F4C52002A11100BA03A8 /* Build configuration list for PBXNativeTarget "PacMan" */ = {
			isa = XCConfigurationList;
			buildConfigurations = (
				A973F4C62002A11100BA03A8 /* Debug */,
				A973F4C72002A11100BA03A8 /* Release */,
			);
			defaultConfigurationIsVisible = 0;
			defaultConfigurationName = Release;
		};
/* End XCConfigurationList section */
	};
	rootObject = A973F4A52002A11100BA03A8 /* Project object */;
}
